
Microsoft Visual Studio Solution File, Format Version 12.00
# Visual Studio Version 16
VisualStudioVersion = 16.0.30104.148
MinimumVisualStudioVersion = 10.0.40219.1
Project("{9A19103F-16F7-4668-BE54-9A1E7A4F7556}") = "Presentation.API", "src\Presentation\API\Presentation.API.csproj", "{388364B7-4F53-4F79-9A83-55AFB2319825}"
EndProject
Project("{9A19103F-16F7-4668-BE54-9A1E7A4F7556}") = "Application.Services", "src\Application\Services\Application.Services.csproj", "{16053402-B54C-4EA5-8716-DF828A328436}"
EndProject
Project("{9A19103F-16F7-4668-BE54-9A1E7A4F7556}") = "Application.Dto", "src\Application\Dto\Application.Dto.csproj", "{CAA6C346-0D8A-466B-840E-1C46AF7E1BE7}"
EndProject
Project("{9A19103F-16F7-4668-BE54-9A1E7A4F7556}") = "Data.Repository.MongoDb", "src\Data\Repository\MongoDb\Data.Repository.MongoDb.csproj", "{F3367767-1A45-4128-BF75-C836F4B8058F}"
EndProject
Project("{9A19103F-16F7-4668-BE54-9A1E7A4F7556}") = "Infrastructure.CrossCutting", "src\Infrastructure\CrossCutting\Infrastructure.CrossCutting.csproj", "{15D982EC-132F-4B86-8187-D2A858FBA6A5}"
EndProject
Project("{2150E333-8FDC-42A3-9474-1A3956D46DE8}") = "2 - Tests", "2 - Tests", "{605D4F1F-A67E-4E8C-9D84-8DDFBDFAB3AB}"
EndProject
Project("{2150E333-8FDC-42A3-9474-1A3956D46DE8}") = "Solution Items", "Solution Items", "{90E2A00D-71AB-4B2A-9ED8-95FBCC367604}"
	ProjectSection(SolutionItems) = preProject
		.dockerignore = .dockerignore
		.editorconfig = .editorconfig
		.gitattributes = .gitattributes
		.gitignore = .gitignore
		docker-compose.yml = docker-compose.yml
		README.md = README.md
	EndProjectSection
EndProject
Project("{2150E333-8FDC-42A3-9474-1A3956D46DE8}") = "3 - Deploy", "3 - Deploy", "{2D5A97A4-68D8-48C2-BE08-15D37B9A10B0}"
EndProject
Project("{2150E333-8FDC-42A3-9474-1A3956D46DE8}") = "1 - Layers", "1 - Layers", "{5454702F-8C57-43E6-A34B-B84C606CCA63}"
EndProject
Project("{2150E333-8FDC-42A3-9474-1A3956D46DE8}") = "1.1 - Presentation", "1.1 - Presentation", "{7F06D444-1747-4A2E-BA09-97D849FB42C3}"
EndProject
Project("{2150E333-8FDC-42A3-9474-1A3956D46DE8}") = "1.2 - Application", "1.2 - Application", "{5561F964-68BC-40F1-A799-ACCF0E5E0ECF}"
EndProject
Project("{2150E333-8FDC-42A3-9474-1A3956D46DE8}") = "1.3 - Data", "1.3 - Data", "{1F33310A-0532-4698-8FF3-7F81591D6490}"
EndProject
Project("{2150E333-8FDC-42A3-9474-1A3956D46DE8}") = "1.4 - Infrastructure", "1.4 - Infrastructure", "{DD35D708-ED34-4683-ACE6-E063D05A2DB8}"
EndProject
Global
	GlobalSection(SolutionConfigurationPlatforms) = preSolution
		Debug|Any CPU = Debug|Any CPU
		Development|Any CPU = Development|Any CPU
		Release|Any CPU = Release|Any CPU
	EndGlobalSection
	GlobalSection(ProjectConfigurationPlatforms) = postSolution
		{388364B7-4F53-4F79-9A83-55AFB2319825}.Debug|Any CPU.ActiveCfg = Debug|Any CPU
		{388364B7-4F53-4F79-9A83-55AFB2319825}.Debug|Any CPU.Build.0 = Debug|Any CPU
		{388364B7-4F53-4F79-9A83-55AFB2319825}.Development|Any CPU.ActiveCfg = Debug|Any CPU
		{388364B7-4F53-4F79-9A83-55AFB2319825}.Development|Any CPU.Build.0 = Debug|Any CPU
		{388364B7-4F53-4F79-9A83-55AFB2319825}.Release|Any CPU.ActiveCfg = Release|Any CPU
		{388364B7-4F53-4F79-9A83-55AFB2319825}.Release|Any CPU.Build.0 = Release|Any CPU
		{16053402-B54C-4EA5-8716-DF828A328436}.Debug|Any CPU.ActiveCfg = Debug|Any CPU
		{16053402-B54C-4EA5-8716-DF828A328436}.Debug|Any CPU.Build.0 = Debug|Any CPU
		{16053402-B54C-4EA5-8716-DF828A328436}.Development|Any CPU.ActiveCfg = Development|Any CPU
		{16053402-B54C-4EA5-8716-DF828A328436}.Development|Any CPU.Build.0 = Development|Any CPU
		{16053402-B54C-4EA5-8716-DF828A328436}.Release|Any CPU.ActiveCfg = Release|Any CPU
		{16053402-B54C-4EA5-8716-DF828A328436}.Release|Any CPU.Build.0 = Release|Any CPU
		{CAA6C346-0D8A-466B-840E-1C46AF7E1BE7}.Debug|Any CPU.ActiveCfg = Debug|Any CPU
		{CAA6C346-0D8A-466B-840E-1C46AF7E1BE7}.Debug|Any CPU.Build.0 = Debug|Any CPU
		{CAA6C346-0D8A-466B-840E-1C46AF7E1BE7}.Development|Any CPU.ActiveCfg = Development|Any CPU
		{CAA6C346-0D8A-466B-840E-1C46AF7E1BE7}.Development|Any CPU.Build.0 = Development|Any CPU
		{CAA6C346-0D8A-466B-840E-1C46AF7E1BE7}.Release|Any CPU.ActiveCfg = Release|Any CPU
		{CAA6C346-0D8A-466B-840E-1C46AF7E1BE7}.Release|Any CPU.Build.0 = Release|Any CPU
		{F3367767-1A45-4128-BF75-C836F4B8058F}.Debug|Any CPU.ActiveCfg = Debug|Any CPU
		{F3367767-1A45-4128-BF75-C836F4B8058F}.Debug|Any CPU.Build.0 = Debug|Any CPU
		{F3367767-1A45-4128-BF75-C836F4B8058F}.Development|Any CPU.ActiveCfg = Development|Any CPU
		{F3367767-1A45-4128-BF75-C836F4B8058F}.Development|Any CPU.Build.0 = Development|Any CPU
		{F3367767-1A45-4128-BF75-C836F4B8058F}.Release|Any CPU.ActiveCfg = Release|Any CPU
		{F3367767-1A45-4128-BF75-C836F4B8058F}.Release|Any CPU.Build.0 = Release|Any CPU
		{15D982EC-132F-4B86-8187-D2A858FBA6A5}.Debug|Any CPU.ActiveCfg = Debug|Any CPU
		{15D982EC-132F-4B86-8187-D2A858FBA6A5}.Debug|Any CPU.Build.0 = Debug|Any CPU
		{15D982EC-132F-4B86-8187-D2A858FBA6A5}.Development|Any CPU.ActiveCfg = Development|Any CPU
		{15D982EC-132F-4B86-8187-D2A858FBA6A5}.Development|Any CPU.Build.0 = Development|Any CPU
		{15D982EC-132F-4B86-8187-D2A858FBA6A5}.Release|Any CPU.ActiveCfg = Release|Any CPU
		{15D982EC-132F-4B86-8187-D2A858FBA6A5}.Release|Any CPU.Build.0 = Release|Any CPU
	EndGlobalSection
	GlobalSection(SolutionProperties) = preSolution
		HideSolutionNode = FALSE
	EndGlobalSection
	GlobalSection(NestedProjects) = preSolution
		{388364B7-4F53-4F79-9A83-55AFB2319825} = {7F06D444-1747-4A2E-BA09-97D849FB42C3}
		{16053402-B54C-4EA5-8716-DF828A328436} = {5561F964-68BC-40F1-A799-ACCF0E5E0ECF}
		{CAA6C346-0D8A-466B-840E-1C46AF7E1BE7} = {5561F964-68BC-40F1-A799-ACCF0E5E0ECF}
		{F3367767-1A45-4128-BF75-C836F4B8058F} = {1F33310A-0532-4698-8FF3-7F81591D6490}
		{15D982EC-132F-4B86-8187-D2A858FBA6A5} = {DD35D708-ED34-4683-ACE6-E063D05A2DB8}
		{7F06D444-1747-4A2E-BA09-97D849FB42C3} = {5454702F-8C57-43E6-A34B-B84C606CCA63}
		{5561F964-68BC-40F1-A799-ACCF0E5E0ECF} = {5454702F-8C57-43E6-A34B-B84C606CCA63}
		{1F33310A-0532-4698-8FF3-7F81591D6490} = {5454702F-8C57-43E6-A34B-B84C606CCA63}
		{DD35D708-ED34-4683-ACE6-E063D05A2DB8} = {5454702F-8C57-43E6-A34B-B84C606CCA63}
	EndGlobalSection
	GlobalSection(ExtensibilityGlobals) = postSolution
		SolutionGuid = {DD5189C8-95BF-4285-A2F7-E6BF4EA31AB0}
	EndGlobalSection
EndGlobal
